{
  "name": "archi-ts-cli",
  "lockfileVersion": 3,
  "requires": true,
  "packages": {
    "": {
      "dependencies": {
        "archits-cli": "^1.9.6"
      }
    },
    "node_modules/archits-cli": {
      "version": "1.9.6",
      "resolved": "https://registry.npmjs.org/archits-cli/-/archits-cli-1.9.6.tgz",
      "integrity": "sha512-UvJGGpCzLDVcfzVWyQQO9nw6c5I7YB81uIt/oS9D/9bJXUTtuJ6Z8hI25DvII8one/0PK+GqziR01eacinhbOw==",
      "cpu": [
        "x64",
        "arm64"
      ],
      "hasInstallScript": true,
      "license": "MIT",
      "os": [
        "linux",
        "darwin",
        "win32"
      ],
      "bin": {
        "archi": "bin/archits",
        "archits": "bin/archits"
      },
      "engines": {
        "node": ">=14"
      }
    }
  }
}
